
Microsoft Visual Studio Solution File, Format Version 12.00
# Visual Studio 15
VisualStudioVersion = 15.0.26430.4
MinimumVisualStudioVersion = 10.0.40219.1
Project("{FAE04EC0-301F-11D3-BF4B-00C04F79EFBC}") = "GHPWEB", "GHPWEB\GHPWEB.csproj", "{B94EE28C-69BC-40C9-8B32-AD584122BAA8}"
EndProject
Project("{FAE04EC0-301F-11D3-BF4B-00C04F79EFBC}") = "Core", "Core\Core.csproj", "{4A6DBC6D-21D1-46B6-8558-5D3D0E8C2FB7}"
EndProject
Project("{FAE04EC0-301F-11D3-BF4B-00C04F79EFBC}") = "Entity", "Entity\Entity.csproj", "{A7A90E7F-47F9-46E3-9DE3-FC47B2B40169}"
EndProject
Global
	GlobalSection(SolutionConfigurationPlatforms) = preSolution
		Debug|Any CPU = Debug|Any CPU
		Debug|ARM = Debug|ARM
		Debug|x64 = Debug|x64
		Debug|x86 = Debug|x86
		Release|Any CPU = Release|Any CPU
		Release|ARM = Release|ARM
		Release|x64 = Release|x64
		Release|x86 = Release|x86
	EndGlobalSection
	GlobalSection(ProjectConfigurationPlatforms) = postSolution
		{B94EE28C-69BC-40C9-8B32-AD584122BAA8}.Debug|Any CPU.ActiveCfg = Debug|Any CPU
		{B94EE28C-69BC-40C9-8B32-AD584122BAA8}.Debug|Any CPU.Build.0 = Debug|Any CPU
		{B94EE28C-69BC-40C9-8B32-AD584122BAA8}.Debug|ARM.ActiveCfg = Debug|Any CPU
		{B94EE28C-69BC-40C9-8B32-AD584122BAA8}.Debug|ARM.Build.0 = Debug|Any CPU
		{B94EE28C-69BC-40C9-8B32-AD584122BAA8}.Debug|x64.ActiveCfg = Debug|Any CPU
		{B94EE28C-69BC-40C9-8B32-AD584122BAA8}.Debug|x64.Build.0 = Debug|Any CPU
		{B94EE28C-69BC-40C9-8B32-AD584122BAA8}.Debug|x86.ActiveCfg = Debug|Any CPU
		{B94EE28C-69BC-40C9-8B32-AD584122BAA8}.Debug|x86.Build.0 = Debug|Any CPU
		{B94EE28C-69BC-40C9-8B32-AD584122BAA8}.Release|Any CPU.ActiveCfg = Release|Any CPU
		{B94EE28C-69BC-40C9-8B32-AD584122BAA8}.Release|Any CPU.Build.0 = Release|Any CPU
		{B94EE28C-69BC-40C9-8B32-AD584122BAA8}.Release|ARM.ActiveCfg = Release|Any CPU
		{B94EE28C-69BC-40C9-8B32-AD584122BAA8}.Release|ARM.Build.0 = Release|Any CPU
		{B94EE28C-69BC-40C9-8B32-AD584122BAA8}.Release|x64.ActiveCfg = Release|Any CPU
		{B94EE28C-69BC-40C9-8B32-AD584122BAA8}.Release|x64.Build.0 = Release|Any CPU
		{B94EE28C-69BC-40C9-8B32-AD584122BAA8}.Release|x86.ActiveCfg = Release|Any CPU
		{B94EE28C-69BC-40C9-8B32-AD584122BAA8}.Release|x86.Build.0 = Release|Any CPU
		{4A6DBC6D-21D1-46B6-8558-5D3D0E8C2FB7}.Debug|Any CPU.ActiveCfg = Debug|Any CPU
		{4A6DBC6D-21D1-46B6-8558-5D3D0E8C2FB7}.Debug|Any CPU.Build.0 = Debug|Any CPU
		{4A6DBC6D-21D1-46B6-8558-5D3D0E8C2FB7}.Debug|ARM.ActiveCfg = Debug|Any CPU
		{4A6DBC6D-21D1-46B6-8558-5D3D0E8C2FB7}.Debug|ARM.Build.0 = Debug|Any CPU
		{4A6DBC6D-21D1-46B6-8558-5D3D0E8C2FB7}.Debug|x64.ActiveCfg = Debug|Any CPU
		{4A6DBC6D-21D1-46B6-8558-5D3D0E8C2FB7}.Debug|x64.Build.0 = Debug|Any CPU
		{4A6DBC6D-21D1-46B6-8558-5D3D0E8C2FB7}.Debug|x86.ActiveCfg = Debug|Any CPU
		{4A6DBC6D-21D1-46B6-8558-5D3D0E8C2FB7}.Debug|x86.Build.0 = Debug|Any CPU
		{4A6DBC6D-21D1-46B6-8558-5D3D0E8C2FB7}.Release|Any CPU.ActiveCfg = Release|Any CPU
		{4A6DBC6D-21D1-46B6-8558-5D3D0E8C2FB7}.Release|Any CPU.Build.0 = Release|Any CPU
		{4A6DBC6D-21D1-46B6-8558-5D3D0E8C2FB7}.Release|ARM.ActiveCfg = Release|Any CPU
		{4A6DBC6D-21D1-46B6-8558-5D3D0E8C2FB7}.Release|ARM.Build.0 = Release|Any CPU
		{4A6DBC6D-21D1-46B6-8558-5D3D0E8C2FB7}.Release|x64.ActiveCfg = Release|Any CPU
		{4A6DBC6D-21D1-46B6-8558-5D3D0E8C2FB7}.Release|x64.Build.0 = Release|Any CPU
		{4A6DBC6D-21D1-46B6-8558-5D3D0E8C2FB7}.Release|x86.ActiveCfg = Release|Any CPU
		{4A6DBC6D-21D1-46B6-8558-5D3D0E8C2FB7}.Release|x86.Build.0 = Release|Any CPU
		{A7A90E7F-47F9-46E3-9DE3-FC47B2B40169}.Debug|Any CPU.ActiveCfg = Debug|Any CPU
		{A7A90E7F-47F9-46E3-9DE3-FC47B2B40169}.Debug|Any CPU.Build.0 = Debug|Any CPU
		{A7A90E7F-47F9-46E3-9DE3-FC47B2B40169}.Debug|ARM.ActiveCfg = Debug|Any CPU
		{A7A90E7F-47F9-46E3-9DE3-FC47B2B40169}.Debug|ARM.Build.0 = Debug|Any CPU
		{A7A90E7F-47F9-46E3-9DE3-FC47B2B40169}.Debug|x64.ActiveCfg = Debug|Any CPU
		{A7A90E7F-47F9-46E3-9DE3-FC47B2B40169}.Debug|x64.Build.0 = Debug|Any CPU
		{A7A90E7F-47F9-46E3-9DE3-FC47B2B40169}.Debug|x86.ActiveCfg = Debug|Any CPU
		{A7A90E7F-47F9-46E3-9DE3-FC47B2B40169}.Debug|x86.Build.0 = Debug|Any CPU
		{A7A90E7F-47F9-46E3-9DE3-FC47B2B40169}.Release|Any CPU.ActiveCfg = Release|Any CPU
		{A7A90E7F-47F9-46E3-9DE3-FC47B2B40169}.Release|Any CPU.Build.0 = Release|Any CPU
		{A7A90E7F-47F9-46E3-9DE3-FC47B2B40169}.Release|ARM.ActiveCfg = Release|Any CPU
		{A7A90E7F-47F9-46E3-9DE3-FC47B2B40169}.Release|ARM.Build.0 = Release|Any CPU
		{A7A90E7F-47F9-46E3-9DE3-FC47B2B40169}.Release|x64.ActiveCfg = Release|Any CPU
		{A7A90E7F-47F9-46E3-9DE3-FC47B2B40169}.Release|x64.Build.0 = Release|Any CPU
		{A7A90E7F-47F9-46E3-9DE3-FC47B2B40169}.Release|x86.ActiveCfg = Release|Any CPU
		{A7A90E7F-47F9-46E3-9DE3-FC47B2B40169}.Release|x86.Build.0 = Release|Any CPU
	EndGlobalSection
	GlobalSection(SolutionProperties) = preSolution
		HideSolutionNode = FALSE
	EndGlobalSection
EndGlobal
